// !$*UTF8*$!
{
	archiveVersion = 1;
	classes = {
	};
	objectVersion = 46;
	objects = {

/* Begin PBXBuildFile section */
		06E23DEC3C9D2CD297FD7840 /* Pods_Prototype.framework in Frameworks */ = {isa = PBXBuildFile; fileRef = 1A6F31246F483424C4BD9D97 /* Pods_Prototype.framework */; };
		0F9CFEEC4A07650583DB8F25 /* Pods_PrototypeTests.framework in Frameworks */ = {isa = PBXBuildFile; fileRef = 4DB090CA8136F1CE6BB7D3FF /* Pods_PrototypeTests.framework */; };
		48C018851E2DA8E0005B9F0E /* AppDelegate.swift in Sources */ = {isa = PBXBuildFile; fileRef = 48C018841E2DA8E0005B9F0E /* AppDelegate.swift */; };
		48C018871E2DA8E0005B9F0E /* ViewController.swift in Sources */ = {isa = PBXBuildFile; fileRef = 48C018861E2DA8E0005B9F0E /* ViewController.swift */; };
		48C0188C1E2DA8E0005B9F0E /* Assets.xcassets in Resources */ = {isa = PBXBuildFile; fileRef = 48C0188B1E2DA8E0005B9F0E /* Assets.xcassets */; };
		48C0188F1E2DA8E0005B9F0E /* LaunchScreen.storyboard in Resources */ = {isa = PBXBuildFile; fileRef = 48C0188D1E2DA8E0005B9F0E /* LaunchScreen.storyboard */; };
		48C0189A1E2DA8E0005B9F0E /* PrototypeTests.swift in Sources */ = {isa = PBXBuildFile; fileRef = 48C018991E2DA8E0005B9F0E /* PrototypeTests.swift */; };
		48C018A51E2DA8E0005B9F0E /* PrototypeUITests.swift in Sources */ = {isa = PBXBuildFile; fileRef = 48C018A41E2DA8E0005B9F0E /* PrototypeUITests.swift */; };
		6663081F1E2E0BB900C36353 /* KDCircularProgress.swift in Sources */ = {isa = PBXBuildFile; fileRef = 6663081E1E2E0BB900C36353 /* KDCircularProgress.swift */; };
		666308211E2E0C3A00C36353 /* Main.storyboard in Resources */ = {isa = PBXBuildFile; fileRef = 666308201E2E0C3A00C36353 /* Main.storyboard */; };
		666308251E2E0FFA00C36353 /* FoldingCell.swift in Sources */ = {isa = PBXBuildFile; fileRef = 666308241E2E0FFA00C36353 /* FoldingCell.swift */; };
		666308271E2E125600C36353 /* DemoCell.swift in Sources */ = {isa = PBXBuildFile; fileRef = 666308261E2E125600C36353 /* DemoCell.swift */; };
		666308331E2E139000C36353 /* OpenSans-Bold.ttf in Resources */ = {isa = PBXBuildFile; fileRef = 666308281E2E139000C36353 /* OpenSans-Bold.ttf */; };
		666308341E2E139000C36353 /* OpenSans-BoldItalic.ttf in Resources */ = {isa = PBXBuildFile; fileRef = 666308291E2E139000C36353 /* OpenSans-BoldItalic.ttf */; };
		666308351E2E139000C36353 /* OpenSans-ExtraBold.ttf in Resources */ = {isa = PBXBuildFile; fileRef = 6663082A1E2E139000C36353 /* OpenSans-ExtraBold.ttf */; };
		666308361E2E139000C36353 /* OpenSans-ExtraBoldItalic.ttf in Resources */ = {isa = PBXBuildFile; fileRef = 6663082B1E2E139000C36353 /* OpenSans-ExtraBoldItalic.ttf */; };
		666308371E2E139000C36353 /* OpenSans-Italic.ttf in Resources */ = {isa = PBXBuildFile; fileRef = 6663082C1E2E139000C36353 /* OpenSans-Italic.ttf */; };
		666308381E2E139000C36353 /* OpenSans-Light.ttf in Resources */ = {isa = PBXBuildFile; fileRef = 6663082D1E2E139000C36353 /* OpenSans-Light.ttf */; };
		666308391E2E139000C36353 /* OpenSans-LightItalic.ttf in Resources */ = {isa = PBXBuildFile; fileRef = 6663082E1E2E139000C36353 /* OpenSans-LightItalic.ttf */; };
		6663083A1E2E139000C36353 /* OpenSans-Regular.ttf in Resources */ = {isa = PBXBuildFile; fileRef = 6663082F1E2E139000C36353 /* OpenSans-Regular.ttf */; };
		6663083B1E2E139000C36353 /* OpenSans-Semibold.ttf in Resources */ = {isa = PBXBuildFile; fileRef = 666308301E2E139000C36353 /* OpenSans-Semibold.ttf */; };
		6663083C1E2E139000C36353 /* OpenSans-SemiboldItalic.ttf in Resources */ = {isa = PBXBuildFile; fileRef = 666308311E2E139000C36353 /* OpenSans-SemiboldItalic.ttf */; };
		6E06A9E4B762BB84AFD3D9AF /* Pods_PrototypeUITests.framework in Frameworks */ = {isa = PBXBuildFile; fileRef = D95D95A72DDE74D63415F297 /* Pods_PrototypeUITests.framework */; };
/* End PBXBuildFile section */

/* Begin PBXContainerItemProxy section */
		48C018961E2DA8E0005B9F0E /* PBXContainerItemProxy */ = {
			isa = PBXContainerItemProxy;
			containerPortal = 48C018791E2DA8E0005B9F0E /* Project object */;
			proxyType = 1;
			remoteGlobalIDString = 48C018801E2DA8E0005B9F0E;
			remoteInfo = Prototype;
		};
		48C018A11E2DA8E0005B9F0E /* PBXContainerItemProxy */ = {
			isa = PBXContainerItemProxy;
			containerPortal = 48C018791E2DA8E0005B9F0E /* Project object */;
			proxyType = 1;
			remoteGlobalIDString = 48C018801E2DA8E0005B9F0E;
			remoteInfo = Prototype;
		};
/* End PBXContainerItemProxy section */

/* Begin PBXFileReference section */
		1A6F31246F483424C4BD9D97 /* Pods_Prototype.framework */ = {isa = PBXFileReference; explicitFileType = wrapper.framework; includeInIndex = 0; path = Pods_Prototype.framework; sourceTree = BUILT_PRODUCTS_DIR; };
		4270746D6233553BC24D19A2 /* Pods-PrototypeTests.debug.xcconfig */ = {isa = PBXFileReference; includeInIndex = 1; lastKnownFileType = text.xcconfig; name = "Pods-PrototypeTests.debug.xcconfig"; path = "Pods/Target Support Files/Pods-PrototypeTests/Pods-PrototypeTests.debug.xcconfig"; sourceTree = "<group>"; };
		48C018811E2DA8E0005B9F0E /* Prototype.app */ = {isa = PBXFileReference; explicitFileType = wrapper.application; includeInIndex = 0; path = Prototype.app; sourceTree = BUILT_PRODUCTS_DIR; };
		48C018841E2DA8E0005B9F0E /* AppDelegate.swift */ = {isa = PBXFileReference; lastKnownFileType = sourcecode.swift; path = AppDelegate.swift; sourceTree = "<group>"; };
		48C018861E2DA8E0005B9F0E /* ViewController.swift */ = {isa = PBXFileReference; lastKnownFileType = sourcecode.swift; path = ViewController.swift; sourceTree = "<group>"; };
		48C0188B1E2DA8E0005B9F0E /* Assets.xcassets */ = {isa = PBXFileReference; lastKnownFileType = folder.assetcatalog; path = Assets.xcassets; sourceTree = "<group>"; };
		48C0188E1E2DA8E0005B9F0E /* Base */ = {isa = PBXFileReference; lastKnownFileType = file.storyboard; name = Base; path = Base.lproj/LaunchScreen.storyboard; sourceTree = "<group>"; };
		48C018901E2DA8E0005B9F0E /* Info.plist */ = {isa = PBXFileReference; lastKnownFileType = text.plist.xml; path = Info.plist; sourceTree = "<group>"; };
		48C018951E2DA8E0005B9F0E /* PrototypeTests.xctest */ = {isa = PBXFileReference; explicitFileType = wrapper.cfbundle; includeInIndex = 0; path = PrototypeTests.xctest; sourceTree = BUILT_PRODUCTS_DIR; };
		48C018991E2DA8E0005B9F0E /* PrototypeTests.swift */ = {isa = PBXFileReference; lastKnownFileType = sourcecode.swift; path = PrototypeTests.swift; sourceTree = "<group>"; };
		48C0189B1E2DA8E0005B9F0E /* Info.plist */ = {isa = PBXFileReference; lastKnownFileType = text.plist.xml; path = Info.plist; sourceTree = "<group>"; };
		48C018A01E2DA8E0005B9F0E /* PrototypeUITests.xctest */ = {isa = PBXFileReference; explicitFileType = wrapper.cfbundle; includeInIndex = 0; path = PrototypeUITests.xctest; sourceTree = BUILT_PRODUCTS_DIR; };
		48C018A41E2DA8E0005B9F0E /* PrototypeUITests.swift */ = {isa = PBXFileReference; lastKnownFileType = sourcecode.swift; path = PrototypeUITests.swift; sourceTree = "<group>"; };
		48C018A61E2DA8E0005B9F0E /* Info.plist */ = {isa = PBXFileReference; lastKnownFileType = text.plist.xml; path = Info.plist; sourceTree = "<group>"; };
		4DB090CA8136F1CE6BB7D3FF /* Pods_PrototypeTests.framework */ = {isa = PBXFileReference; explicitFileType = wrapper.framework; includeInIndex = 0; path = Pods_PrototypeTests.framework; sourceTree = BUILT_PRODUCTS_DIR; };
		512476EA3E58622F4F074BED /* Pods-Prototype.debug.xcconfig */ = {isa = PBXFileReference; includeInIndex = 1; lastKnownFileType = text.xcconfig; name = "Pods-Prototype.debug.xcconfig"; path = "Pods/Target Support Files/Pods-Prototype/Pods-Prototype.debug.xcconfig"; sourceTree = "<group>"; };
		515514F1E57666BAF1CD54FB /* Pods-PrototypeUITests.release.xcconfig */ = {isa = PBXFileReference; includeInIndex = 1; lastKnownFileType = text.xcconfig; name = "Pods-PrototypeUITests.release.xcconfig"; path = "Pods/Target Support Files/Pods-PrototypeUITests/Pods-PrototypeUITests.release.xcconfig"; sourceTree = "<group>"; };
		645B84C81278D8BDCEF540F6 /* Pods-Prototype.release.xcconfig */ = {isa = PBXFileReference; includeInIndex = 1; lastKnownFileType = text.xcconfig; name = "Pods-Prototype.release.xcconfig"; path = "Pods/Target Support Files/Pods-Prototype/Pods-Prototype.release.xcconfig"; sourceTree = "<group>"; };
		6663081E1E2E0BB900C36353 /* KDCircularProgress.swift */ = {isa = PBXFileReference; fileEncoding = 4; lastKnownFileType = sourcecode.swift; path = KDCircularProgress.swift; sourceTree = "<group>"; };
		666308201E2E0C3A00C36353 /* Main.storyboard */ = {isa = PBXFileReference; fileEncoding = 4; lastKnownFileType = file.storyboard; path = Main.storyboard; sourceTree = "<group>"; };
		666308241E2E0FFA00C36353 /* FoldingCell.swift */ = {isa = PBXFileReference; fileEncoding = 4; lastKnownFileType = sourcecode.swift; path = FoldingCell.swift; sourceTree = "<group>"; };
		666308261E2E125600C36353 /* DemoCell.swift */ = {isa = PBXFileReference; fileEncoding = 4; lastKnownFileType = sourcecode.swift; path = DemoCell.swift; sourceTree = "<group>"; };
		666308281E2E139000C36353 /* OpenSans-Bold.ttf */ = {isa = PBXFileReference; lastKnownFileType = file; path = "OpenSans-Bold.ttf"; sourceTree = "<group>"; };
		666308291E2E139000C36353 /* OpenSans-BoldItalic.ttf */ = {isa = PBXFileReference; lastKnownFileType = file; path = "OpenSans-BoldItalic.ttf"; sourceTree = "<group>"; };
		6663082A1E2E139000C36353 /* OpenSans-ExtraBold.ttf */ = {isa = PBXFileReference; lastKnownFileType = file; path = "OpenSans-ExtraBold.ttf"; sourceTree = "<group>"; };
		6663082B1E2E139000C36353 /* OpenSans-ExtraBoldItalic.ttf */ = {isa = PBXFileReference; lastKnownFileType = file; path = "OpenSans-ExtraBoldItalic.ttf"; sourceTree = "<group>"; };
		6663082C1E2E139000C36353 /* OpenSans-Italic.ttf */ = {isa = PBXFileReference; lastKnownFileType = file; path = "OpenSans-Italic.ttf"; sourceTree = "<group>"; };
		6663082D1E2E139000C36353 /* OpenSans-Light.ttf */ = {isa = PBXFileReference; lastKnownFileType = file; path = "OpenSans-Light.ttf"; sourceTree = "<group>"; };
		6663082E1E2E139000C36353 /* OpenSans-LightItalic.ttf */ = {isa = PBXFileReference; lastKnownFileType = file; path = "OpenSans-LightItalic.ttf"; sourceTree = "<group>"; };
		6663082F1E2E139000C36353 /* OpenSans-Regular.ttf */ = {isa = PBXFileReference; lastKnownFileType = file; path = "OpenSans-Regular.ttf"; sourceTree = "<group>"; };
		666308301E2E139000C36353 /* OpenSans-Semibold.ttf */ = {isa = PBXFileReference; lastKnownFileType = file; path = "OpenSans-Semibold.ttf"; sourceTree = "<group>"; };
		666308311E2E139000C36353 /* OpenSans-SemiboldItalic.ttf */ = {isa = PBXFileReference; lastKnownFileType = file; path = "OpenSans-SemiboldItalic.ttf"; sourceTree = "<group>"; };
		75AABAD1E5E8EADCF9F124D8 /* Pods-PrototypeTests.release.xcconfig */ = {isa = PBXFileReference; includeInIndex = 1; lastKnownFileType = text.xcconfig; name = "Pods-PrototypeTests.release.xcconfig"; path = "Pods/Target Support Files/Pods-PrototypeTests/Pods-PrototypeTests.release.xcconfig"; sourceTree = "<group>"; };
		B6200761D0B73521B8A39D4D /* Pods-PrototypeUITests.debug.xcconfig */ = {isa = PBXFileReference; includeInIndex = 1; lastKnownFileType = text.xcconfig; name = "Pods-PrototypeUITests.debug.xcconfig"; path = "Pods/Target Support Files/Pods-PrototypeUITests/Pods-PrototypeUITests.debug.xcconfig"; sourceTree = "<group>"; };
		D95D95A72DDE74D63415F297 /* Pods_PrototypeUITests.framework */ = {isa = PBXFileReference; explicitFileType = wrapper.framework; includeInIndex = 0; path = Pods_PrototypeUITests.framework; sourceTree = BUILT_PRODUCTS_DIR; };
/* End PBXFileReference section */

/* Begin PBXFrameworksBuildPhase section */
		48C0187E1E2DA8E0005B9F0E /* Frameworks */ = {
			isa = PBXFrameworksBuildPhase;
			buildActionMask = 2147483647;
			files = (
				06E23DEC3C9D2CD297FD7840 /* Pods_Prototype.framework in Frameworks */,
			);
			runOnlyForDeploymentPostprocessing = 0;
		};
		48C018921E2DA8E0005B9F0E /* Frameworks */ = {
			isa = PBXFrameworksBuildPhase;
			buildActionMask = 2147483647;
			files = (
				0F9CFEEC4A07650583DB8F25 /* Pods_PrototypeTests.framework in Frameworks */,
			);
			runOnlyForDeploymentPostprocessing = 0;
		};
		48C0189D1E2DA8E0005B9F0E /* Frameworks */ = {
			isa = PBXFrameworksBuildPhase;
			buildActionMask = 2147483647;
			files = (
				6E06A9E4B762BB84AFD3D9AF /* Pods_PrototypeUITests.framework in Frameworks */,
			);
			runOnlyForDeploymentPostprocessing = 0;
		};
/* End PBXFrameworksBuildPhase section */

/* Begin PBXGroup section */
		48C018781E2DA8E0005B9F0E = {
			isa = PBXGroup;
			children = (
				48C018831E2DA8E0005B9F0E /* Prototype */,
				48C018981E2DA8E0005B9F0E /* PrototypeTests */,
				48C018A31E2DA8E0005B9F0E /* PrototypeUITests */,
				48C018821E2DA8E0005B9F0E /* Products */,
				BE2D969AAF986112B3E29E55 /* Pods */,
				4D41BFC58402F2941E03FF79 /* Frameworks */,
			);
			sourceTree = "<group>";
		};
		48C018821E2DA8E0005B9F0E /* Products */ = {
			isa = PBXGroup;
			children = (
				48C018811E2DA8E0005B9F0E /* Prototype.app */,
				48C018951E2DA8E0005B9F0E /* PrototypeTests.xctest */,
				48C018A01E2DA8E0005B9F0E /* PrototypeUITests.xctest */,
			);
			name = Products;
			sourceTree = "<group>";
		};
		48C018831E2DA8E0005B9F0E /* Prototype */ = {
			isa = PBXGroup;
			children = (
				666308201E2E0C3A00C36353 /* Main.storyboard */,
				48C018841E2DA8E0005B9F0E /* AppDelegate.swift */,
				666308321E2E139000C36353 /* Fonts */,
				48C018861E2DA8E0005B9F0E /* ViewController.swift */,
				48C0188B1E2DA8E0005B9F0E /* Assets.xcassets */,
				48C0188D1E2DA8E0005B9F0E /* LaunchScreen.storyboard */,
				48C018901E2DA8E0005B9F0E /* Info.plist */,
				6663081E1E2E0BB900C36353 /* KDCircularProgress.swift */,
				666308241E2E0FFA00C36353 /* FoldingCell.swift */,
				666308261E2E125600C36353 /* DemoCell.swift */,
			);
			path = Prototype;
			sourceTree = "<group>";
		};
		48C018981E2DA8E0005B9F0E /* PrototypeTests */ = {
			isa = PBXGroup;
			children = (
				48C018991E2DA8E0005B9F0E /* PrototypeTests.swift */,
				48C0189B1E2DA8E0005B9F0E /* Info.plist */,
			);
			path = PrototypeTests;
			sourceTree = "<group>";
		};
		48C018A31E2DA8E0005B9F0E /* PrototypeUITests */ = {
			isa = PBXGroup;
			children = (
				48C018A41E2DA8E0005B9F0E /* PrototypeUITests.swift */,
				48C018A61E2DA8E0005B9F0E /* Info.plist */,
			);
			path = PrototypeUITests;
			sourceTree = "<group>";
		};
		4D41BFC58402F2941E03FF79 /* Frameworks */ = {
			isa = PBXGroup;
			children = (
				1A6F31246F483424C4BD9D97 /* Pods_Prototype.framework */,
				4DB090CA8136F1CE6BB7D3FF /* Pods_PrototypeTests.framework */,
				D95D95A72DDE74D63415F297 /* Pods_PrototypeUITests.framework */,
			);
			name = Frameworks;
			sourceTree = "<group>";
		};
		666308321E2E139000C36353 /* Fonts */ = {
			isa = PBXGroup;
			children = (
				666308281E2E139000C36353 /* OpenSans-Bold.ttf */,
				666308291E2E139000C36353 /* OpenSans-BoldItalic.ttf */,
				6663082A1E2E139000C36353 /* OpenSans-ExtraBold.ttf */,
				6663082B1E2E139000C36353 /* OpenSans-ExtraBoldItalic.ttf */,
				6663082C1E2E139000C36353 /* OpenSans-Italic.ttf */,
				6663082D1E2E139000C36353 /* OpenSans-Light.ttf */,
				6663082E1E2E139000C36353 /* OpenSans-LightItalic.ttf */,
				6663082F1E2E139000C36353 /* OpenSans-Regular.ttf */,
				666308301E2E139000C36353 /* OpenSans-Semibold.ttf */,
				666308311E2E139000C36353 /* OpenSans-SemiboldItalic.ttf */,
			);
			name = Fonts;
			path = "../../../Downloads/folding-cell-master/FoldingCell/FoldingCell/Fonts";
			sourceTree = "<group>";
		};
		BE2D969AAF986112B3E29E55 /* Pods */ = {
			isa = PBXGroup;
			children = (
				512476EA3E58622F4F074BED /* Pods-Prototype.debug.xcconfig */,
				645B84C81278D8BDCEF540F6 /* Pods-Prototype.release.xcconfig */,
				4270746D6233553BC24D19A2 /* Pods-PrototypeTests.debug.xcconfig */,
				75AABAD1E5E8EADCF9F124D8 /* Pods-PrototypeTests.release.xcconfig */,
				B6200761D0B73521B8A39D4D /* Pods-PrototypeUITests.debug.xcconfig */,
				515514F1E57666BAF1CD54FB /* Pods-PrototypeUITests.release.xcconfig */,
			);
			name = Pods;
			sourceTree = "<group>";
		};
/* End PBXGroup section */

/* Begin PBXNativeTarget section */
		48C018801E2DA8E0005B9F0E /* Prototype */ = {
			isa = PBXNativeTarget;
			buildConfigurationList = 48C018A91E2DA8E0005B9F0E /* Build configuration list for PBXNativeTarget "Prototype" */;
			buildPhases = (
				5D9B6E229AEE79B3A818FC6F /* [CP] Check Pods Manifest.lock */,
				48C0187D1E2DA8E0005B9F0E /* Sources */,
				48C0187E1E2DA8E0005B9F0E /* Frameworks */,
				48C0187F1E2DA8E0005B9F0E /* Resources */,
				F4EA4533CF6FB3F95E2FFB2F /* [CP] Embed Pods Frameworks */,
				F43C118E4D001F6447851550 /* [CP] Copy Pods Resources */,
			);
			buildRules = (
			);
			dependencies = (
			);
			name = Prototype;
			productName = Prototype;
			productReference = 48C018811E2DA8E0005B9F0E /* Prototype.app */;
			productType = "com.apple.product-type.application";
		};
		48C018941E2DA8E0005B9F0E /* PrototypeTests */ = {
			isa = PBXNativeTarget;
			buildConfigurationList = 48C018AC1E2DA8E0005B9F0E /* Build configuration list for PBXNativeTarget "PrototypeTests" */;
			buildPhases = (
				FC7E0A93CA1F24F725F6BCDE /* [CP] Check Pods Manifest.lock */,
				48C018911E2DA8E0005B9F0E /* Sources */,
				48C018921E2DA8E0005B9F0E /* Frameworks */,
				48C018931E2DA8E0005B9F0E /* Resources */,
				BC14DAD84FA28C838AEA3ABF /* [CP] Embed Pods Frameworks */,
				FD6D64E6D56C4F55C4BF92DC /* [CP] Copy Pods Resources */,
			);
			buildRules = (
			);
			dependencies = (
				48C018971E2DA8E0005B9F0E /* PBXTargetDependency */,
			);
			name = PrototypeTests;
			productName = PrototypeTests;
			productReference = 48C018951E2DA8E0005B9F0E /* PrototypeTests.xctest */;
			productType = "com.apple.product-type.bundle.unit-test";
		};
		48C0189F1E2DA8E0005B9F0E /* PrototypeUITests */ = {
			isa = PBXNativeTarget;
			buildConfigurationList = 48C018AF1E2DA8E0005B9F0E /* Build configuration list for PBXNativeTarget "PrototypeUITests" */;
			buildPhases = (
				EAAE6383E529378B4F2C9EED /* [CP] Check Pods Manifest.lock */,
				48C0189C1E2DA8E0005B9F0E /* Sources */,
				48C0189D1E2DA8E0005B9F0E /* Frameworks */,
				48C0189E1E2DA8E0005B9F0E /* Resources */,
				A34D49E182E065ECA8D139CE /* [CP] Embed Pods Frameworks */,
				441B40072867D000051A88F3 /* [CP] Copy Pods Resources */,
			);
			buildRules = (
			);
			dependencies = (
				48C018A21E2DA8E0005B9F0E /* PBXTargetDependency */,
			);
			name = PrototypeUITests;
			productName = PrototypeUITests;
			productReference = 48C018A01E2DA8E0005B9F0E /* PrototypeUITests.xctest */;
			productType = "com.apple.product-type.bundle.ui-testing";
		};
/* End PBXNativeTarget section */

/* Begin PBXProject section */
		48C018791E2DA8E0005B9F0E /* Project object */ = {
			isa = PBXProject;
			attributes = {
				LastSwiftUpdateCheck = 0820;
				LastUpgradeCheck = 0820;
				ORGANIZATIONNAME = Chipmunk;
				TargetAttributes = {
					48C018801E2DA8E0005B9F0E = {
						CreatedOnToolsVersion = 8.2.1;
						ProvisioningStyle = Automatic;
					};
					48C018941E2DA8E0005B9F0E = {
						CreatedOnToolsVersion = 8.2.1;
						ProvisioningStyle = Automatic;
						TestTargetID = 48C018801E2DA8E0005B9F0E;
					};
					48C0189F1E2DA8E0005B9F0E = {
						CreatedOnToolsVersion = 8.2.1;
						ProvisioningStyle = Automatic;
						TestTargetID = 48C018801E2DA8E0005B9F0E;
					};
				};
			};
			buildConfigurationList = 48C0187C1E2DA8E0005B9F0E /* Build configuration list for PBXProject "Prototype" */;
			compatibilityVersion = "Xcode 3.2";
			developmentRegion = English;
			hasScannedForEncodings = 0;
			knownRegions = (
				en,
				Base,
			);
			mainGroup = 48C018781E2DA8E0005B9F0E;
			productRefGroup = 48C018821E2DA8E0005B9F0E /* Products */;
			projectDirPath = "";
			projectRoot = "";
			targets = (
				48C018801E2DA8E0005B9F0E /* Prototype */,
				48C018941E2DA8E0005B9F0E /* PrototypeTests */,
				48C0189F1E2DA8E0005B9F0E /* PrototypeUITests */,
			);
		};
/* End PBXProject section */

/* Begin PBXResourcesBuildPhase section */
		48C0187F1E2DA8E0005B9F0E /* Resources */ = {
			isa = PBXResourcesBuildPhase;
			buildActionMask = 2147483647;
			files = (
				6663083B1E2E139000C36353 /* OpenSans-Semibold.ttf in Resources */,
				6663083C1E2E139000C36353 /* OpenSans-SemiboldItalic.ttf in Resources */,
				666308211E2E0C3A00C36353 /* Main.storyboard in Resources */,
				6663083A1E2E139000C36353 /* OpenSans-Regular.ttf in Resources */,
				666308371E2E139000C36353 /* OpenSans-Italic.ttf in Resources */,
				666308361E2E139000C36353 /* OpenSans-ExtraBoldItalic.ttf in Resources */,
				48C0188F1E2DA8E0005B9F0E /* LaunchScreen.storyboard in Resources */,
				666308391E2E139000C36353 /* OpenSans-LightItalic.ttf in Resources */,
				666308331E2E139000C36353 /* OpenSans-Bold.ttf in Resources */,
				48C0188C1E2DA8E0005B9F0E /* Assets.xcassets in Resources */,
				666308381E2E139000C36353 /* OpenSans-Light.ttf in Resources */,
				666308341E2E139000C36353 /* OpenSans-BoldItalic.ttf in Resources */,
				666308351E2E139000C36353 /* OpenSans-ExtraBold.ttf in Resources */,
			);
			runOnlyForDeploymentPostprocessing = 0;
		};
		48C018931E2DA8E0005B9F0E /* Resources */ = {
			isa = PBXResourcesBuildPhase;
			buildActionMask = 2147483647;
			files = (
			);
			runOnlyForDeploymentPostprocessing = 0;
		};
		48C0189E1E2DA8E0005B9F0E /* Resources */ = {
			isa = PBXResourcesBuildPhase;
			buildActionMask = 2147483647;
			files = (
			);
			runOnlyForDeploymentPostprocessing = 0;
		};
/* End PBXResourcesBuildPhase section */

/* Begin PBXShellScriptBuildPhase section */
		441B40072867D000051A88F3 /* [CP] Copy Pods Resources */ = {
			isa = PBXShellScriptBuildPhase;
			buildActionMask = 2147483647;
			files = (
			);
			inputPaths = (
			);
			name = "[CP] Copy Pods Resources";
			outputPaths = (
			);
			runOnlyForDeploymentPostprocessing = 0;
			shellPath = /bin/sh;
			shellScript = "\"${SRCROOT}/Pods/Target Support Files/Pods-PrototypeUITests/Pods-PrototypeUITests-resources.sh\"\n";
			showEnvVarsInLog = 0;
		};
		5D9B6E229AEE79B3A818FC6F /* [CP] Check Pods Manifest.lock */ = {
			isa = PBXShellScriptBuildPhase;
			buildActionMask = 2147483647;
			files = (
			);
			inputPaths = (
			);
			name = "[CP] Check Pods Manifest.lock";
			outputPaths = (
			);
			runOnlyForDeploymentPostprocessing = 0;
			shellPath = /bin/sh;
			shellScript = "diff \"${PODS_ROOT}/../Podfile.lock\" \"${PODS_ROOT}/Manifest.lock\" > /dev/null\nif [ $? != 0 ] ; then\n    # print error to STDERR\n    echo \"error: The sandbox is not in sync with the Podfile.lock. Run 'pod install' or update your CocoaPods installation.\" >&2\n    exit 1\nfi\n";
			showEnvVarsInLog = 0;
		};
		A34D49E182E065ECA8D139CE /* [CP] Embed Pods Frameworks */ = {
			isa = PBXShellScriptBuildPhase;
			buildActionMask = 2147483647;
			files = (
			);
			inputPaths = (
			);
			name = "[CP] Embed Pods Frameworks";
			outputPaths = (
			);
			runOnlyForDeploymentPostprocessing = 0;
			shellPath = /bin/sh;
			shellScript = "\"${SRCROOT}/Pods/Target Support Files/Pods-PrototypeUITests/Pods-PrototypeUITests-frameworks.sh\"\n";
			showEnvVarsInLog = 0;
		};
		BC14DAD84FA28C838AEA3ABF /* [CP] Embed Pods Frameworks */ = {
			isa = PBXShellScriptBuildPhase;
			buildActionMask = 2147483647;
			files = (
			);
			inputPaths = (
			);
			name = "[CP] Embed Pods Frameworks";
			outputPaths = (
			);
			runOnlyForDeploymentPostprocessing = 0;
			shellPath = /bin/sh;
			shellScript = "\"${SRCROOT}/Pods/Target Support Files/Pods-PrototypeTests/Pods-PrototypeTests-frameworks.sh\"\n";
			showEnvVarsInLog = 0;
		};
		EAAE6383E529378B4F2C9EED /* [CP] Check Pods Manifest.lock */ = {
			isa = PBXShellScriptBuildPhase;
			buildActionMask = 2147483647;
			files = (
			);
			inputPaths = (
			);
			name = "[CP] Check Pods Manifest.lock";
			outputPaths = (
			);
			runOnlyForDeploymentPostprocessing = 0;
			shellPath = /bin/sh;
			shellScript = "diff \"${PODS_ROOT}/../Podfile.lock\" \"${PODS_ROOT}/Manifest.lock\" > /dev/null\nif [ $? != 0 ] ; then\n    # print error to STDERR\n    echo \"error: The sandbox is not in sync with the Podfile.lock. Run 'pod install' or update your CocoaPods installation.\" >&2\n    exit 1\nfi\n";
			showEnvVarsInLog = 0;
		};
		F43C118E4D001F6447851550 /* [CP] Copy Pods Resources */ = {
			isa = PBXShellScriptBuildPhase;
			buildActionMask = 2147483647;
			files = (
			);
			inputPaths = (
			);
			name = "[CP] Copy Pods Resources";
			outputPaths = (
			);
			runOnlyForDeploymentPostprocessing = 0;
			shellPath = /bin/sh;
			shellScript = "\"${SRCROOT}/Pods/Target Support Files/Pods-Prototype/Pods-Prototype-resources.sh\"\n";
			showEnvVarsInLog = 0;
		};
		F4EA4533CF6FB3F95E2FFB2F /* [CP] Embed Pods Frameworks */ = {
			isa = PBXShellScriptBuildPhase;
			buildActionMask = 2147483647;
			files = (
			);
			inputPaths = (
			);
			name = "[CP] Embed Pods Frameworks";
			outputPaths = (
			);
			runOnlyForDeploymentPostprocessing = 0;
			shellPath = /bin/sh;
			shellScript = "\"${SRCROOT}/Pods/Target Support Files/Pods-Prototype/Pods-Prototype-frameworks.sh\"\n";
			showEnvVarsInLog = 0;
		};
		FC7E0A93CA1F24F725F6BCDE /* [CP] Check Pods Manifest.lock */ = {
			isa = PBXShellScriptBuildPhase;
			buildActionMask = 2147483647;
			files = (
			);
			inputPaths = (
			);
			name = "[CP] Check Pods Manifest.lock";
			outputPaths = (
			);
			runOnlyForDeploymentPostprocessing = 0;
			shellPath = /bin/sh;
			shellScript = "diff \"${PODS_ROOT}/../Podfile.lock\" \"${PODS_ROOT}/Manifest.lock\" > /dev/null\nif [ $? != 0 ] ; then\n    # print error to STDERR\n    echo \"error: The sandbox is not in sync with the Podfile.lock. Run 'pod install' or update your CocoaPods installation.\" >&2\n    exit 1\nfi\n";
			showEnvVarsInLog = 0;
		};
		FD6D64E6D56C4F55C4BF92DC /* [CP] Copy Pods Resources */ = {
			isa = PBXShellScriptBuildPhase;
			buildActionMask = 2147483647;
			files = (
			);
			inputPaths = (
			);
			name = "[CP] Copy Pods Resources";
			outputPaths = (
			);
			runOnlyForDeploymentPostprocessing = 0;
			shellPath = /bin/sh;
			shellScript = "\"${SRCROOT}/Pods/Target Support Files/Pods-PrototypeTests/Pods-PrototypeTests-resources.sh\"\n";
			showEnvVarsInLog = 0;
		};
/* End PBXShellScriptBuildPhase section */

/* Begin PBXSourcesBuildPhase section */
		48C0187D1E2DA8E0005B9F0E /* Sources */ = {
			isa = PBXSourcesBuildPhase;
			buildActionMask = 2147483647;
			files = (
				6663081F1E2E0BB900C36353 /* KDCircularProgress.swift in Sources */,
				666308251E2E0FFA00C36353 /* FoldingCell.swift in Sources */,
				48C018871E2DA8E0005B9F0E /* ViewController.swift in Sources */,
				48C018851E2DA8E0005B9F0E /* AppDelegate.swift in Sources */,
				666308271E2E125600C36353 /* DemoCell.swift in Sources */,
			);
			runOnlyForDeploymentPostprocessing = 0;
		};
		48C018911E2DA8E0005B9F0E /* Sources */ = {
			isa = PBXSourcesBuildPhase;
			buildActionMask = 2147483647;
			files = (
				48C0189A1E2DA8E0005B9F0E /* PrototypeTests.swift in Sources */,
			);
			runOnlyForDeploymentPostprocessing = 0;
		};
		48C0189C1E2DA8E0005B9F0E /* Sources */ = {
			isa = PBXSourcesBuildPhase;
			buildActionMask = 2147483647;
			files = (
				48C018A51E2DA8E0005B9F0E /* PrototypeUITests.swift in Sources */,
			);
			runOnlyForDeploymentPostprocessing = 0;
		};
/* End PBXSourcesBuildPhase section */

/* Begin PBXTargetDependency section */
		48C018971E2DA8E0005B9F0E /* PBXTargetDependency */ = {
			isa = PBXTargetDependency;
			target = 48C018801E2DA8E0005B9F0E /* Prototype */;
			targetProxy = 48C018961E2DA8E0005B9F0E /* PBXContainerItemProxy */;
		};
		48C018A21E2DA8E0005B9F0E /* PBXTargetDependency */ = {
			isa = PBXTargetDependency;
			target = 48C018801E2DA8E0005B9F0E /* Prototype */;
			targetProxy = 48C018A11E2DA8E0005B9F0E /* PBXContainerItemProxy */;
		};
/* End PBXTargetDependency section */

/* Begin PBXVariantGroup section */
		48C0188D1E2DA8E0005B9F0E /* LaunchScreen.storyboard */ = {
			isa = PBXVariantGroup;
			children = (
				48C0188E1E2DA8E0005B9F0E /* Base */,
			);
			name = LaunchScreen.storyboard;
			sourceTree = "<group>";
		};
/* End PBXVariantGroup section */

/* Begin XCBuildConfiguration section */
		48C018A71E2DA8E0005B9F0E /* Debug */ = {
			isa = XCBuildConfiguration;
			buildSettings = {
				ALWAYS_SEARCH_USER_PATHS = NO;
				CLANG_ANALYZER_NONNULL = YES;
				CLANG_CXX_LANGUAGE_STANDARD = "gnu++0x";
				CLANG_CXX_LIBRARY = "libc++";
				CLANG_ENABLE_MODULES = YES;
				CLANG_ENABLE_OBJC_ARC = YES;
				CLANG_WARN_BOOL_CONVERSION = YES;
				CLANG_WARN_CONSTANT_CONVERSION = YES;
				CLANG_WARN_DIRECT_OBJC_ISA_USAGE = YES_ERROR;
				CLANG_WARN_DOCUMENTATION_COMMENTS = YES;
				CLANG_WARN_EMPTY_BODY = YES;
				CLANG_WARN_ENUM_CONVERSION = YES;
				CLANG_WARN_INFINITE_RECURSION = YES;
				CLANG_WARN_INT_CONVERSION = YES;
				CLANG_WARN_OBJC_ROOT_CLASS = YES_ERROR;
				CLANG_WARN_SUSPICIOUS_MOVE = YES;
				CLANG_WARN_UNREACHABLE_CODE = YES;
				CLANG_WARN__DUPLICATE_METHOD_MATCH = YES;
				"CODE_SIGN_IDENTITY[sdk=iphoneos*]" = "iPhone Developer";
				COPY_PHASE_STRIP = NO;
				DEBUG_INFORMATION_FORMAT = dwarf;
				ENABLE_STRICT_OBJC_MSGSEND = YES;
				ENABLE_TESTABILITY = YES;
				GCC_C_LANGUAGE_STANDARD = gnu99;
				GCC_DYNAMIC_NO_PIC = NO;
				GCC_NO_COMMON_BLOCKS = YES;
				GCC_OPTIMIZATION_LEVEL = 0;
				GCC_PREPROCESSOR_DEFINITIONS = (
					"DEBUG=1",
					"$(inherited)",
				);
				GCC_WARN_64_TO_32_BIT_CONVERSION = YES;
				GCC_WARN_ABOUT_RETURN_TYPE = YES_ERROR;
				GCC_WARN_UNDECLARED_SELECTOR = YES;
				GCC_WARN_UNINITIALIZED_AUTOS = YES_AGGRESSIVE;
				GCC_WARN_UNUSED_FUNCTION = YES;
				GCC_WARN_UNUSED_VARIABLE = YES;
				IPHONEOS_DEPLOYMENT_TARGET = 10.2;
				MTL_ENABLE_DEBUG_INFO = YES;
				ONLY_ACTIVE_ARCH = YES;
				SDKROOT = iphoneos;
				SWIFT_ACTIVE_COMPILATION_CONDITIONS = DEBUG;
				SWIFT_OPTIMIZATION_LEVEL = "-Onone";
			};
			name = Debug;
		};
		48C018A81E2DA8E0005B9F0E /* Release */ = {
			isa = XCBuildConfiguration;
			buildSettings = {
				ALWAYS_SEARCH_USER_PATHS = NO;
				CLANG_ANALYZER_NONNULL = YES;
				CLANG_CXX_LANGUAGE_STANDARD = "gnu++0x";
				CLANG_CXX_LIBRARY = "libc++";
				CLANG_ENABLE_MODULES = YES;
				CLANG_ENABLE_OBJC_ARC = YES;
				CLANG_WARN_BOOL_CONVERSION = YES;
				CLANG_WARN_CONSTANT_CONVERSION = YES;
				CLANG_WARN_DIRECT_OBJC_ISA_USAGE = YES_ERROR;
				CLANG_WARN_DOCUMENTATION_COMMENTS = YES;
				CLANG_WARN_EMPTY_BODY = YES;
				CLANG_WARN_ENUM_CONVERSION = YES;
				CLANG_WARN_INFINITE_RECURSION = YES;
				CLANG_WARN_INT_CONVERSION = YES;
				CLANG_WARN_OBJC_ROOT_CLASS = YES_ERROR;
				CLANG_WARN_SUSPICIOUS_MOVE = YES;
				CLANG_WARN_UNREACHABLE_CODE = YES;
				CLANG_WARN__DUPLICATE_METHOD_MATCH = YES;
				"CODE_SIGN_IDENTITY[sdk=iphoneos*]" = "iPhone Developer";
				COPY_PHASE_STRIP = NO;
				DEBUG_INFORMATION_FORMAT = "dwarf-with-dsym";
				ENABLE_NS_ASSERTIONS = NO;
				ENABLE_STRICT_OBJC_MSGSEND = YES;
				GCC_C_LANGUAGE_STANDARD = gnu99;
				GCC_NO_COMMON_BLOCKS = YES;
				GCC_WARN_64_TO_32_BIT_CONVERSION = YES;
				GCC_WARN_ABOUT_RETURN_TYPE = YES_ERROR;
				GCC_WARN_UNDECLARED_SELECTOR = YES;
				GCC_WARN_UNINITIALIZED_AUTOS = YES_AGGRESSIVE;
				GCC_WARN_UNUSED_FUNCTION = YES;
				GCC_WARN_UNUSED_VARIABLE = YES;
				IPHONEOS_DEPLOYMENT_TARGET = 10.2;
				MTL_ENABLE_DEBUG_INFO = NO;
				SDKROOT = iphoneos;
				SWIFT_OPTIMIZATION_LEVEL = "-Owholemodule";
				VALIDATE_PRODUCT = YES;
			};
			name = Release;
		};
		48C018AA1E2DA8E0005B9F0E /* Debug */ = {
			isa = XCBuildConfiguration;
			baseConfigurationReference = 512476EA3E58622F4F074BED /* Pods-Prototype.debug.xcconfig */;
			buildSettings = {
				ASSETCATALOG_COMPILER_APPICON_NAME = AppIcon;
				INFOPLIST_FILE = Prototype/Info.plist;
				LD_RUNPATH_SEARCH_PATHS = "$(inherited) @executable_path/Frameworks";
				PRODUCT_BUNDLE_IDENTIFIER = com.chipmunk.Prototype;
				PRODUCT_NAME = "$(TARGET_NAME)";
				SWIFT_VERSION = 3.0;
			};
			name = Debug;
		};
		48C018AB1E2DA8E0005B9F0E /* Release */ = {
			isa = XCBuildConfiguration;
			baseConfigurationReference = 645B84C81278D8BDCEF540F6 /* Pods-Prototype.release.xcconfig */;
			buildSettings = {
				ASSETCATALOG_COMPILER_APPICON_NAME = AppIcon;
				INFOPLIST_FILE = Prototype/Info.plist;
				LD_RUNPATH_SEARCH_PATHS = "$(inherited) @executable_path/Frameworks";
				PRODUCT_BUNDLE_IDENTIFIER = com.chipmunk.Prototype;
				PRODUCT_NAME = "$(TARGET_NAME)";
				SWIFT_VERSION = 3.0;
			};
			name = Release;
		};
		48C018AD1E2DA8E0005B9F0E /* Debug */ = {
			isa = XCBuildConfiguration;
			baseConfigurationReference = 4270746D6233553BC24D19A2 /* Pods-PrototypeTests.debug.xcconfig */;
			buildSettings = {
				ALWAYS_EMBED_SWIFT_STANDARD_LIBRARIES = YES;
				BUNDLE_LOADER = "$(TEST_HOST)";
				INFOPLIST_FILE = PrototypeTests/Info.plist;
				LD_RUNPATH_SEARCH_PATHS = "$(inherited) @executable_path/Frameworks @loader_path/Frameworks";
				PRODUCT_BUNDLE_IDENTIFIER = com.chipmunk.PrototypeTests;
				PRODUCT_NAME = "$(TARGET_NAME)";
				SWIFT_VERSION = 3.0;
				TEST_HOST = "$(BUILT_PRODUCTS_DIR)/Prototype.app/Prototype";
			};
			name = Debug;
		};
		48C018AE1E2DA8E0005B9F0E /* Release */ = {
			isa = XCBuildConfiguration;
			baseConfigurationReference = 75AABAD1E5E8EADCF9F124D8 /* Pods-PrototypeTests.release.xcconfig */;
			buildSettings = {
				ALWAYS_EMBED_SWIFT_STANDARD_LIBRARIES = YES;
				BUNDLE_LOADER = "$(TEST_HOST)";
				INFOPLIST_FILE = PrototypeTests/Info.plist;
				LD_RUNPATH_SEARCH_PATHS = "$(inherited) @executable_path/Frameworks @loader_path/Frameworks";
				PRODUCT_BUNDLE_IDENTIFIER = com.chipmunk.PrototypeTests;
				PRODUCT_NAME = "$(TARGET_NAME)";
				SWIFT_VERSION = 3.0;
				TEST_HOST = "$(BUILT_PRODUCTS_DIR)/Prototype.app/Prototype";
			};
			name = Release;
		};
		48C018B01E2DA8E0005B9F0E /* Debug */ = {
			isa = XCBuildConfiguration;
			baseConfigurationReference = B6200761D0B73521B8A39D4D /* Pods-PrototypeUITests.debug.xcconfig */;
			buildSettings = {
				ALWAYS_EMBED_SWIFT_STANDARD_LIBRARIES = YES;
				INFOPLIST_FILE = PrototypeUITests/Info.plist;
				LD_RUNPATH_SEARCH_PATHS = "$(inherited) @executable_path/Frameworks @loader_path/Frameworks";
				PRODUCT_BUNDLE_IDENTIFIER = com.chipmunk.PrototypeUITests;
				PRODUCT_NAME = "$(TARGET_NAME)";
				SWIFT_VERSION = 3.0;
				TEST_TARGET_NAME = Prototype;
			};
			name = Debug;
		};
		48C018B11E2DA8E0005B9F0E /* Release */ = {
			isa = XCBuildConfiguration;
			baseConfigurationReference = 515514F1E57666BAF1CD54FB /* Pods-PrototypeUITests.release.xcconfig */;
			buildSettings = {
				ALWAYS_EMBED_SWIFT_STANDARD_LIBRARIES = YES;
				INFOPLIST_FILE = PrototypeUITests/Info.plist;
				LD_RUNPATH_SEARCH_PATHS = "$(inherited) @executable_path/Frameworks @loader_path/Frameworks";
				PRODUCT_BUNDLE_IDENTIFIER = com.chipmunk.PrototypeUITests;
				PRODUCT_NAME = "$(TARGET_NAME)";
				SWIFT_VERSION = 3.0;
				TEST_TARGET_NAME = Prototype;
			};
			name = Release;
		};
/* End XCBuildConfiguration section */

/* Begin XCConfigurationList section */
		48C0187C1E2DA8E0005B9F0E /* Build configuration list for PBXProject "Prototype" */ = {
			isa = XCConfigurationList;
			buildConfigurations = (
				48C018A71E2DA8E0005B9F0E /* Debug */,
				48C018A81E2DA8E0005B9F0E /* Release */,
			);
			defaultConfigurationIsVisible = 0;
			defaultConfigurationName = Release;
		};
		48C018A91E2DA8E0005B9F0E /* Build configuration list for PBXNativeTarget "Prototype" */ = {
			isa = XCConfigurationList;
			buildConfigurations = (
				48C018AA1E2DA8E0005B9F0E /* Debug */,
				48C018AB1E2DA8E0005B9F0E /* Release */,
			);
			defaultConfigurationIsVisible = 0;
			defaultConfigurationName = Release;
		};
		48C018AC1E2DA8E0005B9F0E /* Build configuration list for PBXNativeTarget "PrototypeTests" */ = {
			isa = XCConfigurationList;
			buildConfigurations = (
				48C018AD1E2DA8E0005B9F0E /* Debug */,
				48C018AE1E2DA8E0005B9F0E /* Release */,
			);
			defaultConfigurationIsVisible = 0;
			defaultConfigurationName = Release;
		};
		48C018AF1E2DA8E0005B9F0E /* Build configuration list for PBXNativeTarget "PrototypeUITests" */ = {
			isa = XCConfigurationList;
			buildConfigurations = (
				48C018B01E2DA8E0005B9F0E /* Debug */,
				48C018B11E2DA8E0005B9F0E /* Release */,
			);
			defaultConfigurationIsVisible = 0;
			defaultConfigurationName = Release;
		};
/* End XCConfigurationList section */
	};
	rootObject = 48C018791E2DA8E0005B9F0E /* Project object */;
}
